# This file is automatically @generated by Cargo.
# It is not intended for manual editing.
[[package]]
name = "cargo-husky"
version = "1.4.0"
source = "registry+https://github.com/rust-lang/crates.io-index"

[[package]]
name = "miniplane"
version = "0.1.0"
dependencies = [
 "cargo-husky 1.4.0 (registry+https://github.com/rust-lang/crates.io-index)",
]

[metadata]
"checksum cargo-husky 1.4.0 (registry+https://github.com/rust-lang/crates.io-index)" = "ee1f6a41bcc9d0aeff394d58275742a53beb62da685d8046c4756a8e4a507bbf"
